
Microsoft Visual Studio Solution File, Format Version 12.00
# Visual Studio 15
VisualStudioVersion = 15.0.26730.3
MinimumVisualStudioVersion = 10.0.40219.1
Project("{F184B08F-C81C-45F6-A57F-5ABD9991F28F}") = "Lolzzz", "Lolzzz\Lolzzz.vbproj", "{A3A0E091-4287-44F2-BD5D-556C76D8BE07}"
EndProject
Project("{2150E333-8FDC-42A3-9474-1A3956D46DE8}") = "Solution Items", "Solution Items", "{25792500-77D3-4CBD-AA42-92321547B844}"
	ProjectSection(SolutionItems) = preProject
		Lolzzz\CustomDataGridView.vb = Lolzzz\CustomDataGridView.vb
	EndProjectSection
EndProject
Global
	GlobalSection(SolutionConfigurationPlatforms) = preSolution
		Debug|Any CPU = Debug|Any CPU
		Release|Any CPU = Release|Any CPU
	EndGlobalSection
	GlobalSection(ProjectConfigurationPlatforms) = postSolution
		{A3A0E091-4287-44F2-BD5D-556C76D8BE07}.Debug|Any CPU.ActiveCfg = Debug|Any CPU
		{A3A0E091-4287-44F2-BD5D-556C76D8BE07}.Debug|Any CPU.Build.0 = Debug|Any CPU
		{A3A0E091-4287-44F2-BD5D-556C76D8BE07}.Release|Any CPU.ActiveCfg = Release|Any CPU
		{A3A0E091-4287-44F2-BD5D-556C76D8BE07}.Release|Any CPU.Build.0 = Release|Any CPU
	EndGlobalSection
	GlobalSection(SolutionProperties) = preSolution
		HideSolutionNode = FALSE
	EndGlobalSection
	GlobalSection(ExtensibilityGlobals) = postSolution
		SolutionGuid = {795F8769-AEE0-4DE4-A124-7DA3486B1E6D}
	EndGlobalSection
EndGlobal
